
Microsoft Visual Studio Solution File, Format Version 12.00
# Visual Studio Version 16
VisualStudioVersion = 16.0.31727.386
MinimumVisualStudioVersion = 10.0.40219.1
Project("{FAE04EC0-301F-11D3-BF4B-00C04F79EFBC}") = "proiectmobileapp.Android", "proiectmobileapp.Android\proiectmobileapp.Android.csproj", "{9DA970EB-7EED-4F05-B486-CD55F6DC6C22}"
EndProject
Project("{FAE04EC0-301F-11D3-BF4B-00C04F79EFBC}") = "proiectmobileapp.iOS", "proiectmobileapp.iOS\proiectmobileapp.iOS.csproj", "{C0578001-2676-4320-9BF3-C1BE7FC8F899}"
EndProject
Project("{FAE04EC0-301F-11D3-BF4B-00C04F79EFBC}") = "proiectmobileapp", "proiectmobileapp\proiectmobileapp.csproj", "{42E41B31-2056-4CBD-A04C-D8C077F7A8BE}"
EndProject
Global
	GlobalSection(SolutionConfigurationPlatforms) = preSolution
		Debug|Any CPU = Debug|Any CPU
		Debug|iPhone = Debug|iPhone
		Debug|iPhoneSimulator = Debug|iPhoneSimulator
		Release|Any CPU = Release|Any CPU
		Release|iPhone = Release|iPhone
		Release|iPhoneSimulator = Release|iPhoneSimulator
	EndGlobalSection
	GlobalSection(ProjectConfigurationPlatforms) = postSolution
		{9DA970EB-7EED-4F05-B486-CD55F6DC6C22}.Debug|Any CPU.ActiveCfg = Debug|Any CPU
		{9DA970EB-7EED-4F05-B486-CD55F6DC6C22}.Debug|Any CPU.Build.0 = Debug|Any CPU
		{9DA970EB-7EED-4F05-B486-CD55F6DC6C22}.Debug|Any CPU.Deploy.0 = Debug|Any CPU
		{9DA970EB-7EED-4F05-B486-CD55F6DC6C22}.Debug|iPhone.ActiveCfg = Debug|Any CPU
		{9DA970EB-7EED-4F05-B486-CD55F6DC6C22}.Debug|iPhone.Build.0 = Debug|Any CPU
		{9DA970EB-7EED-4F05-B486-CD55F6DC6C22}.Debug|iPhone.Deploy.0 = Debug|Any CPU
		{9DA970EB-7EED-4F05-B486-CD55F6DC6C22}.Debug|iPhoneSimulator.ActiveCfg = Debug|Any CPU
		{9DA970EB-7EED-4F05-B486-CD55F6DC6C22}.Debug|iPhoneSimulator.Build.0 = Debug|Any CPU
		{9DA970EB-7EED-4F05-B486-CD55F6DC6C22}.Debug|iPhoneSimulator.Deploy.0 = Debug|Any CPU
		{9DA970EB-7EED-4F05-B486-CD55F6DC6C22}.Release|Any CPU.ActiveCfg = Release|Any CPU
		{9DA970EB-7EED-4F05-B486-CD55F6DC6C22}.Release|Any CPU.Build.0 = Release|Any CPU
		{9DA970EB-7EED-4F05-B486-CD55F6DC6C22}.Release|Any CPU.Deploy.0 = Release|Any CPU
		{9DA970EB-7EED-4F05-B486-CD55F6DC6C22}.Release|iPhone.ActiveCfg = Release|Any CPU
		{9DA970EB-7EED-4F05-B486-CD55F6DC6C22}.Release|iPhone.Build.0 = Release|Any CPU
		{9DA970EB-7EED-4F05-B486-CD55F6DC6C22}.Release|iPhone.Deploy.0 = Release|Any CPU
		{9DA970EB-7EED-4F05-B486-CD55F6DC6C22}.Release|iPhoneSimulator.ActiveCfg = Release|Any CPU
		{9DA970EB-7EED-4F05-B486-CD55F6DC6C22}.Release|iPhoneSimulator.Build.0 = Release|Any CPU
		{9DA970EB-7EED-4F05-B486-CD55F6DC6C22}.Release|iPhoneSimulator.Deploy.0 = Release|Any CPU
		{C0578001-2676-4320-9BF3-C1BE7FC8F899}.Debug|Any CPU.ActiveCfg = Debug|iPhone
		{C0578001-2676-4320-9BF3-C1BE7FC8F899}.Debug|Any CPU.Build.0 = Debug|iPhone
		{C0578001-2676-4320-9BF3-C1BE7FC8F899}.Debug|Any CPU.Deploy.0 = Debug|iPhone
		{C0578001-2676-4320-9BF3-C1BE7FC8F899}.Debug|iPhone.ActiveCfg = Debug|iPhone
		{C0578001-2676-4320-9BF3-C1BE7FC8F899}.Debug|iPhone.Build.0 = Debug|iPhone
		{C0578001-2676-4320-9BF3-C1BE7FC8F899}.Debug|iPhone.Deploy.0 = Debug|iPhone
		{C0578001-2676-4320-9BF3-C1BE7FC8F899}.Debug|iPhoneSimulator.ActiveCfg = Debug|iPhoneSimulator
		{C0578001-2676-4320-9BF3-C1BE7FC8F899}.Debug|iPhoneSimulator.Build.0 = Debug|iPhoneSimulator
		{C0578001-2676-4320-9BF3-C1BE7FC8F899}.Debug|iPhoneSimulator.Deploy.0 = Debug|iPhoneSimulator
		{C0578001-2676-4320-9BF3-C1BE7FC8F899}.Release|Any CPU.ActiveCfg = Release|iPhoneSimulator
		{C0578001-2676-4320-9BF3-C1BE7FC8F899}.Release|Any CPU.Build.0 = Release|iPhoneSimulator
		{C0578001-2676-4320-9BF3-C1BE7FC8F899}.Release|Any CPU.Deploy.0 = Release|iPhoneSimulator
		{C0578001-2676-4320-9BF3-C1BE7FC8F899}.Release|iPhone.ActiveCfg = Release|iPhone
		{C0578001-2676-4320-9BF3-C1BE7FC8F899}.Release|iPhone.Build.0 = Release|iPhone
		{C0578001-2676-4320-9BF3-C1BE7FC8F899}.Release|iPhone.Deploy.0 = Release|iPhone
		{C0578001-2676-4320-9BF3-C1BE7FC8F899}.Release|iPhoneSimulator.ActiveCfg = Release|iPhoneSimulator
		{C0578001-2676-4320-9BF3-C1BE7FC8F899}.Release|iPhoneSimulator.Build.0 = Release|iPhoneSimulator
		{C0578001-2676-4320-9BF3-C1BE7FC8F899}.Release|iPhoneSimulator.Deploy.0 = Release|iPhoneSimulator
		{42E41B31-2056-4CBD-A04C-D8C077F7A8BE}.Debug|Any CPU.ActiveCfg = Debug|Any CPU
		{42E41B31-2056-4CBD-A04C-D8C077F7A8BE}.Debug|Any CPU.Build.0 = Debug|Any CPU
		{42E41B31-2056-4CBD-A04C-D8C077F7A8BE}.Debug|Any CPU.Deploy.0 = Debug|Any CPU
		{42E41B31-2056-4CBD-A04C-D8C077F7A8BE}.Debug|iPhone.ActiveCfg = Debug|Any CPU
		{42E41B31-2056-4CBD-A04C-D8C077F7A8BE}.Debug|iPhone.Build.0 = Debug|Any CPU
		{42E41B31-2056-4CBD-A04C-D8C077F7A8BE}.Debug|iPhone.Deploy.0 = Debug|Any CPU
		{42E41B31-2056-4CBD-A04C-D8C077F7A8BE}.Debug|iPhoneSimulator.ActiveCfg = Debug|Any CPU
		{42E41B31-2056-4CBD-A04C-D8C077F7A8BE}.Debug|iPhoneSimulator.Build.0 = Debug|Any CPU
		{42E41B31-2056-4CBD-A04C-D8C077F7A8BE}.Debug|iPhoneSimulator.Deploy.0 = Debug|Any CPU
		{42E41B31-2056-4CBD-A04C-D8C077F7A8BE}.Release|Any CPU.ActiveCfg = Release|Any CPU
		{42E41B31-2056-4CBD-A04C-D8C077F7A8BE}.Release|Any CPU.Build.0 = Release|Any CPU
		{42E41B31-2056-4CBD-A04C-D8C077F7A8BE}.Release|Any CPU.Deploy.0 = Release|Any CPU
		{42E41B31-2056-4CBD-A04C-D8C077F7A8BE}.Release|iPhone.ActiveCfg = Release|Any CPU
		{42E41B31-2056-4CBD-A04C-D8C077F7A8BE}.Release|iPhone.Build.0 = Release|Any CPU
		{42E41B31-2056-4CBD-A04C-D8C077F7A8BE}.Release|iPhone.Deploy.0 = Release|Any CPU
		{42E41B31-2056-4CBD-A04C-D8C077F7A8BE}.Release|iPhoneSimulator.ActiveCfg = Release|Any CPU
		{42E41B31-2056-4CBD-A04C-D8C077F7A8BE}.Release|iPhoneSimulator.Build.0 = Release|Any CPU
		{42E41B31-2056-4CBD-A04C-D8C077F7A8BE}.Release|iPhoneSimulator.Deploy.0 = Release|Any CPU
	EndGlobalSection
	GlobalSection(SolutionProperties) = preSolution
		HideSolutionNode = FALSE
	EndGlobalSection
	GlobalSection(ExtensibilityGlobals) = postSolution
		SolutionGuid = {6BC1C335-ACFD-4351-AB3B-04F1B570EE2E}
	EndGlobalSection
EndGlobal
